aiohappyeyeballs==2.7.1
aiohttp==3.14.3
aiosignal==1.4.0
annotated-types==0.8.0
attrs==26.1.0
-e git+https://github.com/1010628593/agent-robot-face.git@b101f98d0542385f9e505488fd0cc23a196570db#egg=bot_bridge&subdirectory=bridge
frozenlist==1.8.0
idna==3.19
iniconfig==2.3.0
jsonschema==4.26.0
jsonschema-specifications==2025.9.1
multidict==6.7.1
packaging==26.3
pluggy==1.6.0
propcache==0.5.2
pydantic==2.13.5
pydantic_core==2.46.5
Pygments==2.21.0
pyserial==3.5
pytest==8.4.2
referencing==0.37.0
rpds-py==2026.6.3
typing-inspection==0.4.4
typing_extensions==4.16.0
yarl==1.24.5
